{
  "name": "release-pr-label-version",
  "version": "1.0.0",
  "lockfileVersion": 3,
  "requires": true,
  "packages": {
    "": {
      "name": "release-pr-label-version",
      "version": "1.0.0",
      "license": "ISC",
      "workspaces": [
        "lib"
      ]
    },
    "lib": {
      "version": "1.0.0",
      "license": "ISC",
      "devDependencies": {}
    },
    "node_modules/lib": {
      "resolved": "lib",
      "link": true
    }
  }
}
